
Microsoft Visual Studio Solution File, Format Version 12.00
# Visual Studio Version 17
VisualStudioVersion = 17.11.35303.130
MinimumVisualStudioVersion = 10.0.40219.1
Project("{9A19103F-16F7-4668-BE54-9A1E7A4F7556}") = "Tyuiu.OsadetsAA.Sprint0", "Tyuiu.OsadetsAA.Sprint0\Tyuiu.OsadetsAA.Sprint0.csproj", "{0D9398BC-7AA9-43D0-845B-12302AD36236}"
EndProject
Project("{2150E333-8FDC-42A3-9474-1A3956D46DE8}") = "Task1", "Task1", "{2C58DBEA-46D3-4BCE-AE07-3348160030B4}"
EndProject
Project("{9A19103F-16F7-4668-BE54-9A1E7A4F7556}") = "Tyuiu.OsadetsAA.Sprint0.Task1.V0", "Tyuiu.OsadetsAA.Sprint0.Task1.V0\Tyuiu.OsadetsAA.Sprint0.Task1.V0.csproj", "{624162FD-DA9E-4B35-820C-8B7B3DD7C99C}"
EndProject
Project("{2150E333-8FDC-42A3-9474-1A3956D46DE8}") = "Task2", "Task2", "{2FAFC911-989F-4BCE-B4E3-4D8B1A9C0486}"
EndProject
Project("{9A19103F-16F7-4668-BE54-9A1E7A4F7556}") = "Tyuiu.OsadetsAA.Sprint0.Task2.V0", "Tyuiu.OsadetsAA.Sprint0.Task2.V0\Tyuiu.OsadetsAA.Sprint0.Task2.V0.csproj", "{7CA93D34-D521-4E84-8FE1-7A9561502852}"
EndProject
Project("{9A19103F-16F7-4668-BE54-9A1E7A4F7556}") = "Tyuiu.OsadetsAA.Sprint0.Task2.V0.Lib", "Tyuiu.OsadetsAA.Sprint0.Task2.V0.Lib\Tyuiu.OsadetsAA.Sprint0.Task2.V0.Lib.csproj", "{2A4B4934-5E4B-4436-ABE8-10B693D416BC}"
EndProject
Project("{9A19103F-16F7-4668-BE54-9A1E7A4F7556}") = "Tyuiu.OsadetsAA.Sprint0.Task2.V0.Test", "Tyuiu.OsadetsAA.Sprint0.Task2.V0.Test\Tyuiu.OsadetsAA.Sprint0.Task2.V0.Test.csproj", "{F6916758-0BF6-42CF-A333-16BE0397DB29}"
EndProject
Project("{2150E333-8FDC-42A3-9474-1A3956D46DE8}") = "Task3", "Task3", "{93535C70-3427-495B-BA19-A7180E2FF6C4}"
EndProject
Project("{9A19103F-16F7-4668-BE54-9A1E7A4F7556}") = "Tyuiu.OsadetsAA.Sprint0.Task3.V0", "Tyuiu.OsadetsAA.Sprint0.Task3.V0\Tyuiu.OsadetsAA.Sprint0.Task3.V0.csproj", "{3A2DEE09-FC7C-4654-B41D-A64E2F012CA3}"
EndProject
Project("{9A19103F-16F7-4668-BE54-9A1E7A4F7556}") = "Tyuiu.OsadetsAA.Sprint0.Task3.V0.Lib", "Tyuiu.OsadetsAA.Sprint0.Task3.V0.Lib\Tyuiu.OsadetsAA.Sprint0.Task3.V0.Lib.csproj", "{DAD9F18F-FC35-443E-A6CE-66FD73E1364A}"
EndProject
Project("{9A19103F-16F7-4668-BE54-9A1E7A4F7556}") = "Tyuiu.OsadetsAA.Sprint0.Task3.V0.Test", "Tyuiu.OsadetsAA.Sprint0.Task3.V0.Test\Tyuiu.OsadetsAA.Sprint0.Task3.V0.Test.csproj", "{0F1970B1-CE45-47E0-95D1-21E383AE7CA0}"
EndProject
Project("{2150E333-8FDC-42A3-9474-1A3956D46DE8}") = "Task4", "Task4", "{7E8B16FB-425F-4B43-9BF2-D35F617C9ED8}"
EndProject
Project("{FAE04EC0-301F-11D3-BF4B-00C04F79EFBC}") = "Tyuiu.OsadetsAA.Sprint0.Task4.V0", "Tyuiu.OsadetsAA.Sprint0.Task4.V0\Tyuiu.OsadetsAA.Sprint0.Task4.V0.csproj", "{24137F95-B6B8-4212-A180-BDD2A854667E}"
EndProject
Project("{FAE04EC0-301F-11D3-BF4B-00C04F79EFBC}") = "Tyuiu.OsadetsAA.Sprint0.Task4.V0.Lib", "Tyuiu.OsadetsAA.Sprint0.Task4.V0.Lib\Tyuiu.OsadetsAA.Sprint0.Task4.V0.Lib.csproj", "{C119EC9F-A28A-490A-8B66-4638EBC6C18D}"
EndProject
Project("{FAE04EC0-301F-11D3-BF4B-00C04F79EFBC}") = "Tyuiu.OsadetsAA.Sprint0.Task4.V0.Test", "Tyuiu.OsadetsAA.Sprint0.Task4.V0.Test\Tyuiu.OsadetsAA.Sprint0.Task4.V0.Test.csproj", "{63F70196-CA95-45BF-964D-E8C2B2101892}"
EndProject
Project("{2150E333-8FDC-42A3-9474-1A3956D46DE8}") = "Task5", "Task5", "{A1C23287-A3C9-4499-9607-7E98719DEF4E}"
EndProject
Project("{FAE04EC0-301F-11D3-BF4B-00C04F79EFBC}") = "Tyuiu.OsadetsAA.Sprint0.Task5.V0", "Tyuiu.OsadetsAA.Sprint0.Task5.V0\Tyuiu.OsadetsAA.Sprint0.Task5.V0.csproj", "{3B4F4749-6451-428E-9BDE-3F7518992FBF}"
EndProject
Project("{FAE04EC0-301F-11D3-BF4B-00C04F79EFBC}") = "Tyuiu.OsadetsAA.Sprint0.Task5.V0.Lib", "Tyuiu.OsadetsAA.Sprint0.Task5.V0.Lib\Tyuiu.OsadetsAA.Sprint0.Task5.V0.Lib.csproj", "{EA749CD6-964D-4106-BF76-BAC55B7BDDE2}"
EndProject
Project("{FAE04EC0-301F-11D3-BF4B-00C04F79EFBC}") = "Tyuiu.OsadetsAA.Sprint0.Task5.V0.Test", "Tyuiu.OsadetsAA.Sprint0.Task5.V0.Test\Tyuiu.OsadetsAA.Sprint0.Task5.V0.Test.csproj", "{06C9415B-6F1D-434F-B255-8BB62A378973}"
EndProject
Global
	GlobalSection(SolutionConfigurationPlatforms) = preSolution
		Debug|Any CPU = Debug|Any CPU
		Release|Any CPU = Release|Any CPU
	EndGlobalSection
	GlobalSection(ProjectConfigurationPlatforms) = postSolution
		{0D9398BC-7AA9-43D0-845B-12302AD36236}.Debug|Any CPU.ActiveCfg = Debug|Any CPU
		{0D9398BC-7AA9-43D0-845B-12302AD36236}.Debug|Any CPU.Build.0 = Debug|Any CPU
		{0D9398BC-7AA9-43D0-845B-12302AD36236}.Release|Any CPU.ActiveCfg = Release|Any CPU
		{0D9398BC-7AA9-43D0-845B-12302AD36236}.Release|Any CPU.Build.0 = Release|Any CPU
		{624162FD-DA9E-4B35-820C-8B7B3DD7C99C}.Debug|Any CPU.ActiveCfg = Debug|Any CPU
		{624162FD-DA9E-4B35-820C-8B7B3DD7C99C}.Debug|Any CPU.Build.0 = Debug|Any CPU
		{624162FD-DA9E-4B35-820C-8B7B3DD7C99C}.Release|Any CPU.ActiveCfg = Release|Any CPU
		{624162FD-DA9E-4B35-820C-8B7B3DD7C99C}.Release|Any CPU.Build.0 = Release|Any CPU
		{7CA93D34-D521-4E84-8FE1-7A9561502852}.Debug|Any CPU.ActiveCfg = Debug|Any CPU
		{7CA93D34-D521-4E84-8FE1-7A9561502852}.Debug|Any CPU.Build.0 = Debug|Any CPU
		{7CA93D34-D521-4E84-8FE1-7A9561502852}.Release|Any CPU.ActiveCfg = Release|Any CPU
		{7CA93D34-D521-4E84-8FE1-7A9561502852}.Release|Any CPU.Build.0 = Release|Any CPU
		{2A4B4934-5E4B-4436-ABE8-10B693D416BC}.Debug|Any CPU.ActiveCfg = Debug|Any CPU
		{2A4B4934-5E4B-4436-ABE8-10B693D416BC}.Debug|Any CPU.Build.0 = Debug|Any CPU
		{2A4B4934-5E4B-4436-ABE8-10B693D416BC}.Release|Any CPU.ActiveCfg = Release|Any CPU
		{2A4B4934-5E4B-4436-ABE8-10B693D416BC}.Release|Any CPU.Build.0 = Release|Any CPU
		{F6916758-0BF6-42CF-A333-16BE0397DB29}.Debug|Any CPU.ActiveCfg = Debug|Any CPU
		{F6916758-0BF6-42CF-A333-16BE0397DB29}.Debug|Any CPU.Build.0 = Debug|Any CPU
		{F6916758-0BF6-42CF-A333-16BE0397DB29}.Release|Any CPU.ActiveCfg = Release|Any CPU
		{F6916758-0BF6-42CF-A333-16BE0397DB29}.Release|Any CPU.Build.0 = Release|Any CPU
		{3A2DEE09-FC7C-4654-B41D-A64E2F012CA3}.Debug|Any CPU.ActiveCfg = Debug|Any CPU
		{3A2DEE09-FC7C-4654-B41D-A64E2F012CA3}.Debug|Any CPU.Build.0 = Debug|Any CPU
		{3A2DEE09-FC7C-4654-B41D-A64E2F012CA3}.Release|Any CPU.ActiveCfg = Release|Any CPU
		{3A2DEE09-FC7C-4654-B41D-A64E2F012CA3}.Release|Any CPU.Build.0 = Release|Any CPU
		{DAD9F18F-FC35-443E-A6CE-66FD73E1364A}.Debug|Any CPU.ActiveCfg = Debug|Any CPU
		{DAD9F18F-FC35-443E-A6CE-66FD73E1364A}.Debug|Any CPU.Build.0 = Debug|Any CPU
		{DAD9F18F-FC35-443E-A6CE-66FD73E1364A}.Release|Any CPU.ActiveCfg = Release|Any CPU
		{DAD9F18F-FC35-443E-A6CE-66FD73E1364A}.Release|Any CPU.Build.0 = Release|Any CPU
		{0F1970B1-CE45-47E0-95D1-21E383AE7CA0}.Debug|Any CPU.ActiveCfg = Debug|Any CPU
		{0F1970B1-CE45-47E0-95D1-21E383AE7CA0}.Debug|Any CPU.Build.0 = Debug|Any CPU
		{0F1970B1-CE45-47E0-95D1-21E383AE7CA0}.Release|Any CPU.ActiveCfg = Release|Any CPU
		{0F1970B1-CE45-47E0-95D1-21E383AE7CA0}.Release|Any CPU.Build.0 = Release|Any CPU
		{24137F95-B6B8-4212-A180-BDD2A854667E}.Debug|Any CPU.ActiveCfg = Debug|Any CPU
		{24137F95-B6B8-4212-A180-BDD2A854667E}.Debug|Any CPU.Build.0 = Debug|Any CPU
		{24137F95-B6B8-4212-A180-BDD2A854667E}.Release|Any CPU.ActiveCfg = Release|Any CPU
		{24137F95-B6B8-4212-A180-BDD2A854667E}.Release|Any CPU.Build.0 = Release|Any CPU
		{C119EC9F-A28A-490A-8B66-4638EBC6C18D}.Debug|Any CPU.ActiveCfg = Debug|Any CPU
		{C119EC9F-A28A-490A-8B66-4638EBC6C18D}.Debug|Any CPU.Build.0 = Debug|Any CPU
		{C119EC9F-A28A-490A-8B66-4638EBC6C18D}.Release|Any CPU.ActiveCfg = Release|Any CPU
		{C119EC9F-A28A-490A-8B66-4638EBC6C18D}.Release|Any CPU.Build.0 = Release|Any CPU
		{63F70196-CA95-45BF-964D-E8C2B2101892}.Debug|Any CPU.ActiveCfg = Debug|Any CPU
		{63F70196-CA95-45BF-964D-E8C2B2101892}.Debug|Any CPU.Build.0 = Debug|Any CPU
		{63F70196-CA95-45BF-964D-E8C2B2101892}.Release|Any CPU.ActiveCfg = Release|Any CPU
		{63F70196-CA95-45BF-964D-E8C2B2101892}.Release|Any CPU.Build.0 = Release|Any CPU
		{3B4F4749-6451-428E-9BDE-3F7518992FBF}.Debug|Any CPU.ActiveCfg = Debug|Any CPU
		{3B4F4749-6451-428E-9BDE-3F7518992FBF}.Debug|Any CPU.Build.0 = Debug|Any CPU
		{3B4F4749-6451-428E-9BDE-3F7518992FBF}.Release|Any CPU.ActiveCfg = Release|Any CPU
		{3B4F4749-6451-428E-9BDE-3F7518992FBF}.Release|Any CPU.Build.0 = Release|Any CPU
		{EA749CD6-964D-4106-BF76-BAC55B7BDDE2}.Debug|Any CPU.ActiveCfg = Debug|Any CPU
		{EA749CD6-964D-4106-BF76-BAC55B7BDDE2}.Debug|Any CPU.Build.0 = Debug|Any CPU
		{EA749CD6-964D-4106-BF76-BAC55B7BDDE2}.Release|Any CPU.ActiveCfg = Release|Any CPU
		{EA749CD6-964D-4106-BF76-BAC55B7BDDE2}.Release|Any CPU.Build.0 = Release|Any CPU
		{06C9415B-6F1D-434F-B255-8BB62A378973}.Debug|Any CPU.ActiveCfg = Debug|Any CPU
		{06C9415B-6F1D-434F-B255-8BB62A378973}.Debug|Any CPU.Build.0 = Debug|Any CPU
		{06C9415B-6F1D-434F-B255-8BB62A378973}.Release|Any CPU.ActiveCfg = Release|Any CPU
		{06C9415B-6F1D-434F-B255-8BB62A378973}.Release|Any CPU.Build.0 = Release|Any CPU
	EndGlobalSection
	GlobalSection(SolutionProperties) = preSolution
		HideSolutionNode = FALSE
	EndGlobalSection
	GlobalSection(NestedProjects) = preSolution
		{624162FD-DA9E-4B35-820C-8B7B3DD7C99C} = {2C58DBEA-46D3-4BCE-AE07-3348160030B4}
		{7CA93D34-D521-4E84-8FE1-7A9561502852} = {2FAFC911-989F-4BCE-B4E3-4D8B1A9C0486}
		{2A4B4934-5E4B-4436-ABE8-10B693D416BC} = {2FAFC911-989F-4BCE-B4E3-4D8B1A9C0486}
		{F6916758-0BF6-42CF-A333-16BE0397DB29} = {2FAFC911-989F-4BCE-B4E3-4D8B1A9C0486}
		{3A2DEE09-FC7C-4654-B41D-A64E2F012CA3} = {93535C70-3427-495B-BA19-A7180E2FF6C4}
		{DAD9F18F-FC35-443E-A6CE-66FD73E1364A} = {93535C70-3427-495B-BA19-A7180E2FF6C4}
		{0F1970B1-CE45-47E0-95D1-21E383AE7CA0} = {93535C70-3427-495B-BA19-A7180E2FF6C4}
		{24137F95-B6B8-4212-A180-BDD2A854667E} = {7E8B16FB-425F-4B43-9BF2-D35F617C9ED8}
		{C119EC9F-A28A-490A-8B66-4638EBC6C18D} = {7E8B16FB-425F-4B43-9BF2-D35F617C9ED8}
		{63F70196-CA95-45BF-964D-E8C2B2101892} = {7E8B16FB-425F-4B43-9BF2-D35F617C9ED8}
		{3B4F4749-6451-428E-9BDE-3F7518992FBF} = {A1C23287-A3C9-4499-9607-7E98719DEF4E}
		{EA749CD6-964D-4106-BF76-BAC55B7BDDE2} = {A1C23287-A3C9-4499-9607-7E98719DEF4E}
		{06C9415B-6F1D-434F-B255-8BB62A378973} = {A1C23287-A3C9-4499-9607-7E98719DEF4E}
	EndGlobalSection
	GlobalSection(ExtensibilityGlobals) = postSolution
		SolutionGuid = {3A2E24DC-E58A-48D3-B1C1-DEE5334DD66F}
	EndGlobalSection
EndGlobal
